
Microsoft Visual Studio Solution File, Format Version 12.00
# Visual Studio Version 17
VisualStudioVersion = 17.4.33103.184
MinimumVisualStudioVersion = 10.0.40219.1
Project("{FAE04EC0-301F-11D3-BF4B-00C04F79EFBC}") = "Robot.Core", "Robot.Core\Robot.Core.csproj", "{AEF740E5-B98C-451F-B302-F9A0651DFBEC}"
EndProject
Project("{FAE04EC0-301F-11D3-BF4B-00C04F79EFBC}") = "Robot.Engine", "Robot.Engine\Robot.Engine.csproj", "{15D81FB0-7B3A-4601-A89C-ABCD01B16817}"
EndProject
Project("{FAE04EC0-301F-11D3-BF4B-00C04F79EFBC}") = "Robot.Driver", "Robot.Driver\Robot.Driver.csproj", "{A5F630FF-0C5D-4BB6-8FE1-BFA044B44B32}"
EndProject
Project("{FAE04EC0-301F-11D3-BF4B-00C04F79EFBC}") = "Robot.Driver.Tests", "Robot.Driver.Tests\Robot.Driver.Tests.csproj", "{4EED5F61-4577-4D0C-8B2B-296EC2930BFE}"
EndProject
Project("{FAE04EC0-301F-11D3-BF4B-00C04F79EFBC}") = "Robot.Actors", "Robot.Actors\Robot.Actors.csproj", "{07B2AF54-AB8B-4D4B-8FC0-F24FDCF7FEEC}"
EndProject
Project("{FAE04EC0-301F-11D3-BF4B-00C04F79EFBC}") = "Robot.Actors.Tests", "Robot.Actors.Tests\Robot.Actors.Tests.csproj", "{64212EBF-5D9D-49CB-BD61-17E3575739AC}"
EndProject
Project("{FAE04EC0-301F-11D3-BF4B-00C04F79EFBC}") = "Robot.Input", "Robot.Input\Robot.Input.csproj", "{76460D99-58D8-42BF-B0B3-6F129D6205DE}"
EndProject
Global
	GlobalSection(SolutionConfigurationPlatforms) = preSolution
		Debug|Any CPU = Debug|Any CPU
		Release|Any CPU = Release|Any CPU
	EndGlobalSection
	GlobalSection(ProjectConfigurationPlatforms) = postSolution
		{AEF740E5-B98C-451F-B302-F9A0651DFBEC}.Debug|Any CPU.ActiveCfg = Debug|Any CPU
		{AEF740E5-B98C-451F-B302-F9A0651DFBEC}.Debug|Any CPU.Build.0 = Debug|Any CPU
		{AEF740E5-B98C-451F-B302-F9A0651DFBEC}.Release|Any CPU.ActiveCfg = Release|Any CPU
		{AEF740E5-B98C-451F-B302-F9A0651DFBEC}.Release|Any CPU.Build.0 = Release|Any CPU
		{15D81FB0-7B3A-4601-A89C-ABCD01B16817}.Debug|Any CPU.ActiveCfg = Debug|Any CPU
		{15D81FB0-7B3A-4601-A89C-ABCD01B16817}.Debug|Any CPU.Build.0 = Debug|Any CPU
		{15D81FB0-7B3A-4601-A89C-ABCD01B16817}.Release|Any CPU.ActiveCfg = Release|Any CPU
		{15D81FB0-7B3A-4601-A89C-ABCD01B16817}.Release|Any CPU.Build.0 = Release|Any CPU
		{A5F630FF-0C5D-4BB6-8FE1-BFA044B44B32}.Debug|Any CPU.ActiveCfg = Debug|Any CPU
		{A5F630FF-0C5D-4BB6-8FE1-BFA044B44B32}.Debug|Any CPU.Build.0 = Debug|Any CPU
		{A5F630FF-0C5D-4BB6-8FE1-BFA044B44B32}.Release|Any CPU.ActiveCfg = Release|Any CPU
		{A5F630FF-0C5D-4BB6-8FE1-BFA044B44B32}.Release|Any CPU.Build.0 = Release|Any CPU
		{4EED5F61-4577-4D0C-8B2B-296EC2930BFE}.Debug|Any CPU.ActiveCfg = Debug|Any CPU
		{4EED5F61-4577-4D0C-8B2B-296EC2930BFE}.Debug|Any CPU.Build.0 = Debug|Any CPU
		{4EED5F61-4577-4D0C-8B2B-296EC2930BFE}.Release|Any CPU.ActiveCfg = Release|Any CPU
		{4EED5F61-4577-4D0C-8B2B-296EC2930BFE}.Release|Any CPU.Build.0 = Release|Any CPU
		{07B2AF54-AB8B-4D4B-8FC0-F24FDCF7FEEC}.Debug|Any CPU.ActiveCfg = Debug|Any CPU
		{07B2AF54-AB8B-4D4B-8FC0-F24FDCF7FEEC}.Debug|Any CPU.Build.0 = Debug|Any CPU
		{07B2AF54-AB8B-4D4B-8FC0-F24FDCF7FEEC}.Release|Any CPU.ActiveCfg = Release|Any CPU
		{07B2AF54-AB8B-4D4B-8FC0-F24FDCF7FEEC}.Release|Any CPU.Build.0 = Release|Any CPU
		{64212EBF-5D9D-49CB-BD61-17E3575739AC}.Debug|Any CPU.ActiveCfg = Debug|Any CPU
		{64212EBF-5D9D-49CB-BD61-17E3575739AC}.Debug|Any CPU.Build.0 = Debug|Any CPU
		{64212EBF-5D9D-49CB-BD61-17E3575739AC}.Release|Any CPU.ActiveCfg = Release|Any CPU
		{64212EBF-5D9D-49CB-BD61-17E3575739AC}.Release|Any CPU.Build.0 = Release|Any CPU
		{76460D99-58D8-42BF-B0B3-6F129D6205DE}.Debug|Any CPU.ActiveCfg = Debug|Any CPU
		{76460D99-58D8-42BF-B0B3-6F129D6205DE}.Debug|Any CPU.Build.0 = Debug|Any CPU
		{76460D99-58D8-42BF-B0B3-6F129D6205DE}.Release|Any CPU.ActiveCfg = Release|Any CPU
		{76460D99-58D8-42BF-B0B3-6F129D6205DE}.Release|Any CPU.Build.0 = Release|Any CPU
	EndGlobalSection
	GlobalSection(SolutionProperties) = preSolution
		HideSolutionNode = FALSE
	EndGlobalSection
	GlobalSection(ExtensibilityGlobals) = postSolution
		SolutionGuid = {A83B7FA4-9712-4C85-B701-D6CB348D10BB}
	EndGlobalSection
EndGlobal
